
Microsoft Visual Studio Solution File, Format Version 12.00
# Visual Studio 15
VisualStudioVersion = 15.0.27004.2008
MinimumVisualStudioVersion = 10.0.40219.1
Project("{FAE04EC0-301F-11D3-BF4B-00C04F79EFBC}") = "Hydra", "Hydra.csproj", "{3866757A-E032-4959-ACD3-2822234FC91B}"
EndProject
Global
	GlobalSection(SolutionConfigurationPlatforms) = preSolution
		Debug|Any CPU = Debug|Any CPU
		Release|Any CPU = Release|Any CPU
	EndGlobalSection
	GlobalSection(ProjectConfigurationPlatforms) = postSolution
		{3866757A-E032-4959-ACD3-2822234FC91B}.Debug|Any CPU.ActiveCfg = Debug|Any CPU
		{3866757A-E032-4959-ACD3-2822234FC91B}.Debug|Any CPU.Build.0 = Debug|Any CPU
		{3866757A-E032-4959-ACD3-2822234FC91B}.Release|Any CPU.ActiveCfg = Release|Any CPU
		{3866757A-E032-4959-ACD3-2822234FC91B}.Release|Any CPU.Build.0 = Release|Any CPU
	EndGlobalSection
	GlobalSection(SolutionProperties) = preSolution
		HideSolutionNode = FALSE
	EndGlobalSection
	GlobalSection(ExtensibilityGlobals) = postSolution
		SolutionGuid = {93B64C8E-A233-4016-AA13-9C0DC311F2E7}
	EndGlobalSection
EndGlobal
